<?xml version="1.0" encoding="utf-8"?>
<Project ToolsVersion="4.0" xmlns="http://schemas.microsoft.com/developer/msbuild/2003">
  <ItemGroup>
    <ClInclude Include="include\azydev\embedded\bus\i2c\atmel\avr8\bus.h" />
    <ClInclude Include="include\azydev\embedded\bus\i2c\atmel\samd21\bus.h" />
    <ClInclude Include="include\azydev\embedded\bus\i2c\common\bus.h" />
    <ClInclude Include="include\azydev\embedded\bus\i2c\common\entity.h" />
    <ClInclude Include="include\azydev\embedded\pins\atmel\samd21\pins.h" />
    <ClInclude Include="include\azydev\embedded\pins\common\pins.h" />
    <ClInclude Include="include\azydev\embedded\test\bus\i2c\case_manager.h" />
    <ClInclude Include="include\azydev\embedded\test\bus\i2c\case_worker.h" />
    <ClInclude Include="include\azydev\embedded\test\util\case_binary.h" />
    <ClInclude Include="include\azydev\embedded\util\binary.h" />
    <ClInclude Include="include\azydev\embedded\bus\spi\atmel\avr8\bus.h" />
    <ClInclude Include="include\azydev\embedded\bus\spi\atmel\avr8\device.h" />
    <ClInclude Include="include\azydev\embedded\bus\spi\atmel\common\bus.h" />
    <ClInclude Include="include\azydev\embedded\bus\spi\atmel\samd21\bus.h" />
    <ClInclude Include="include\azydev\embedded\bus\spi\atmel\samd21\device.h" />
    <ClInclude Include="include\azydev\embedded\bus\spi\common\bus.h" />
    <ClInclude Include="include\azydev\embedded\bus\spi\common\device.h" />
    <ClInclude Include="include\azydev\embedded\bus\spi\common\entity.h" />
    <ClInclude Include="include\azydev\embedded\bus\spi\maxim\max7219\transcoder.h" />
    <ClInclude Include="include\azydev\embedded\bus\spi\microchip\mcp2030\packet.h" />
    <ClInclude Include="include\azydev\embedded\bus\spi\microchip\mcp2030\transcoder.h" />
    <ClInclude Include="include\azydev\embedded\bus\spi\texas_instruments\cc1101\transcoder.h" />
    <ClInclude Include="include\azydev\embedded\data\coding\common\coder.h" />
    <ClInclude Include="include\azydev\embedded\data\coding\manchester\differential\decoder.h" />
    <ClInclude Include="include\azydev\embedded\data\coding\manchester\differential\encoder.h" />
    <ClInclude Include="include\azydev\embedded\data\coding\manchester\standard\decoder.h" />
    <ClInclude Include="include\azydev\embedded\data\coding\manchester\standard\encoder.h" />
    <ClInclude Include="include\azydev\embedded\test\bus\spi\case_manager.h" />
    <ClInclude Include="include\azydev\embedded\test\bus\spi\case_worker.h" />
    <ClInclude Include="include\azydev\embedded\time\common\time.h" />
    <ClInclude Include="include\azydev\embedded\bus\common\transcoder.h" />
    <ClInclude Include="include\azydev\common\template.h" />
  </ItemGroup>
  <ItemGroup>
    <ClCompile Include="src\azydev\embedded\bus\i2c\atmel\avr8\bus.cpp" />
    <ClCompile Include="src\azydev\embedded\bus\i2c\atmel\samd21\bus.cpp" />
    <ClCompile Include="src\azydev\embedded\bus\i2c\common\bus.cpp" />
    <ClCompile Include="src\azydev\embedded\bus\i2c\common\entity.cpp" />
    <ClCompile Include="src\azydev\embedded\test\bus\i2c\case_manager.cpp" />
    <ClCompile Include="src\azydev\embedded\test\bus\i2c\case_worker.cpp" />
    <ClCompile Include="src\azydev\embedded\test\util\case_binary.cpp" />
    <ClCompile Include="src\azydev\embedded\bus\spi\atmel\avr8\bus.cpp" />
    <ClCompile Include="src\azydev\embedded\bus\spi\atmel\avr8\device.cpp" />
    <ClCompile Include="src\azydev\embedded\bus\spi\atmel\samd21\bus.cpp" />
    <ClCompile Include="src\azydev\embedded\bus\spi\atmel\samd21\device.cpp" />
    <ClCompile Include="src\azydev\embedded\bus\spi\common\bus.cpp" />
    <ClCompile Include="src\azydev\embedded\bus\spi\common\device.cpp" />
    <ClCompile Include="src\azydev\embedded\bus\spi\maxim\max7219\transcoder.cpp" />
    <ClCompile Include="src\azydev\embedded\bus\spi\microchip\mcp2030\packet.cpp" />
    <ClCompile Include="src\azydev\embedded\bus\spi\microchip\mcp2030\transcoder.cpp" />
    <ClCompile Include="src\azydev\embedded\bus\spi\texas_instruments\cc1101\transcoder.cpp" />
    <ClCompile Include="src\azydev\embedded\data\coding\manchester\differential\decoder.cpp" />
    <ClCompile Include="src\azydev\embedded\data\coding\manchester\differential\encoder.cpp" />
    <ClCompile Include="src\azydev\embedded\data\coding\manchester\standard\decoder.cpp" />
    <ClCompile Include="src\azydev\embedded\data\coding\manchester\standard\encoder.cpp" />
    <ClCompile Include="src\azydev\embedded\test\bus\spi\case_manager.cpp" />
    <ClCompile Include="src\azydev\embedded\test\bus\spi\case_worker.cpp" />
    <ClCompile Include="src\azydev\embedded\pins\common\pins.cpp" />
    <ClCompile Include="src\azydev\embedded\pins\atmel\samd21\pins.cpp" />
    <ClCompile Include="src\azydev\embedded\bus\common\transcoder.cpp" />
    <ClCompile Include="src\azydev\embedded\bus\spi\common\entity.cpp" />
    <ClCompile Include="src\azydev\embedded\logging\atmel\samd21\logger.cpp" />
  </ItemGroup>
</Project>